// !$*UTF8*$!
{
	archiveVersion = 1;
	classes = {
	};
	objectVersion = 46;
	objects = {

/* Begin PBXBuildFile section */
		636742A31B0816E1004E948F /* AppDelegate.swift in Sources */ = {isa = PBXBuildFile; fileRef = 636742A21B0816E1004E948F /* AppDelegate.swift */; };
		636742A51B0816E1004E948F /* RecordSoundsViewController.swift in Sources */ = {isa = PBXBuildFile; fileRef = 636742A41B0816E1004E948F /* RecordSoundsViewController.swift */; };
		636742A81B0816E2004E948F /* Main.storyboard in Resources */ = {isa = PBXBuildFile; fileRef = 636742A61B0816E2004E948F /* Main.storyboard */; };
		636742AA1B0816E2004E948F /* Images.xcassets in Resources */ = {isa = PBXBuildFile; fileRef = 636742A91B0816E2004E948F /* Images.xcassets */; };
		636742AD1B0816E2004E948F /* LaunchScreen.xib in Resources */ = {isa = PBXBuildFile; fileRef = 636742AB1B0816E2004E948F /* LaunchScreen.xib */; };
		636742B91B0816E2004E948F /* Pitch_PerfectTests.swift in Sources */ = {isa = PBXBuildFile; fileRef = 636742B81B0816E2004E948F /* Pitch_PerfectTests.swift */; };
		6385470C1B125F760050CF57 /* PlaySoundsViewController.swift in Sources */ = {isa = PBXBuildFile; fileRef = 6385470B1B125F760050CF57 /* PlaySoundsViewController.swift */; };
		6385470E1B12706D0050CF57 /* movie_quote.mp3 in Resources */ = {isa = PBXBuildFile; fileRef = 6385470D1B12706D0050CF57 /* movie_quote.mp3 */; };
		63AABA091B12AA76000C8C15 /* RecordedAudio.swift in Sources */ = {isa = PBXBuildFile; fileRef = 63AABA081B12AA76000C8C15 /* RecordedAudio.swift */; };
/* End PBXBuildFile section */

/* Begin PBXContainerItemProxy section */
		636742B31B0816E2004E948F /* PBXContainerItemProxy */ = {
			isa = PBXContainerItemProxy;
			containerPortal = 636742951B0816E1004E948F /* Project object */;
			proxyType = 1;
			remoteGlobalIDString = 6367429C1B0816E1004E948F;
			remoteInfo = "Pitch Perfect";
		};
/* End PBXContainerItemProxy section */

/* Begin PBXFileReference section */
		6367429D1B0816E1004E948F /* Pitch Perfect.app */ = {isa = PBXFileReference; explicitFileType = wrapper.application; includeInIndex = 0; path = "Pitch Perfect.app"; sourceTree = BUILT_PRODUCTS_DIR; };
		636742A11B0816E1004E948F /* Info.plist */ = {isa = PBXFileReference; lastKnownFileType = text.plist.xml; path = Info.plist; sourceTree = "<group>"; };
		636742A21B0816E1004E948F /* AppDelegate.swift */ = {isa = PBXFileReference; lastKnownFileType = sourcecode.swift; path = AppDelegate.swift; sourceTree = "<group>"; };
		636742A41B0816E1004E948F /* RecordSoundsViewController.swift */ = {isa = PBXFileReference; lastKnownFileType = sourcecode.swift; path = RecordSoundsViewController.swift; sourceTree = "<group>"; };
		636742A71B0816E2004E948F /* Base */ = {isa = PBXFileReference; lastKnownFileType = file.storyboard; name = Base; path = Base.lproj/Main.storyboard; sourceTree = "<group>"; };
		636742A91B0816E2004E948F /* Images.xcassets */ = {isa = PBXFileReference; lastKnownFileType = folder.assetcatalog; path = Images.xcassets; sourceTree = "<group>"; };
		636742AC1B0816E2004E948F /* Base */ = {isa = PBXFileReference; lastKnownFileType = file.xib; name = Base; path = Base.lproj/LaunchScreen.xib; sourceTree = "<group>"; };
		636742B21B0816E2004E948F /* Pitch PerfectTests.xctest */ = {isa = PBXFileReference; explicitFileType = wrapper.cfbundle; includeInIndex = 0; path = "Pitch PerfectTests.xctest"; sourceTree = BUILT_PRODUCTS_DIR; };
		636742B71B0816E2004E948F /* Info.plist */ = {isa = PBXFileReference; lastKnownFileType = text.plist.xml; path = Info.plist; sourceTree = "<group>"; };
		636742B81B0816E2004E948F /* Pitch_PerfectTests.swift */ = {isa = PBXFileReference; lastKnownFileType = sourcecode.swift; path = Pitch_PerfectTests.swift; sourceTree = "<group>"; };
		6385470B1B125F760050CF57 /* PlaySoundsViewController.swift */ = {isa = PBXFileReference; fileEncoding = 4; lastKnownFileType = sourcecode.swift; path = PlaySoundsViewController.swift; sourceTree = "<group>"; };
		6385470D1B12706D0050CF57 /* movie_quote.mp3 */ = {isa = PBXFileReference; lastKnownFileType = audio.mp3; path = movie_quote.mp3; sourceTree = "<group>"; };
		63AABA081B12AA76000C8C15 /* RecordedAudio.swift */ = {isa = PBXFileReference; fileEncoding = 4; lastKnownFileType = sourcecode.swift; path = RecordedAudio.swift; sourceTree = "<group>"; };
/* End PBXFileReference section */

/* Begin PBXFrameworksBuildPhase section */
		6367429A1B0816E1004E948F /* Frameworks */ = {
			isa = PBXFrameworksBuildPhase;
			buildActionMask = 2147483647;
			files = (
			);
			runOnlyForDeploymentPostprocessing = 0;
		};
		636742AF1B0816E2004E948F /* Frameworks */ = {
			isa = PBXFrameworksBuildPhase;
			buildActionMask = 2147483647;
			files = (
			);
			runOnlyForDeploymentPostprocessing = 0;
		};
/* End PBXFrameworksBuildPhase section */

/* Begin PBXGroup section */
		636742941B0816E1004E948F = {
			isa = PBXGroup;
			children = (
				6367429F1B0816E1004E948F /* Pitch Perfect */,
				636742B51B0816E2004E948F /* Pitch PerfectTests */,
				6367429E1B0816E1004E948F /* Products */,
			);
			sourceTree = "<group>";
		};
		6367429E1B0816E1004E948F /* Products */ = {
			isa = PBXGroup;
			children = (
				6367429D1B0816E1004E948F /* Pitch Perfect.app */,
				636742B21B0816E2004E948F /* Pitch PerfectTests.xctest */,
			);
			name = Products;
			sourceTree = "<group>";
		};
		6367429F1B0816E1004E948F /* Pitch Perfect */ = {
			isa = PBXGroup;
			children = (
				636742A21B0816E1004E948F /* AppDelegate.swift */,
				636742A41B0816E1004E948F /* RecordSoundsViewController.swift */,
				636742A61B0816E2004E948F /* Main.storyboard */,
				63AABA081B12AA76000C8C15 /* RecordedAudio.swift */,
				6385470B1B125F760050CF57 /* PlaySoundsViewController.swift */,
				636742A91B0816E2004E948F /* Images.xcassets */,
				636742AB1B0816E2004E948F /* LaunchScreen.xib */,
				636742A01B0816E1004E948F /* Supporting Files */,
			);
			path = "Pitch Perfect";
			sourceTree = "<group>";
		};
		636742A01B0816E1004E948F /* Supporting Files */ = {
			isa = PBXGroup;
			children = (
				6385470D1B12706D0050CF57 /* movie_quote.mp3 */,
				636742A11B0816E1004E948F /* Info.plist */,
			);
			name = "Supporting Files";
			sourceTree = "<group>";
		};
		636742B51B0816E2004E948F /* Pitch PerfectTests */ = {
			isa = PBXGroup;
			children = (
				636742B81B0816E2004E948F /* Pitch_PerfectTests.swift */,
				636742B61B0816E2004E948F /* Supporting Files */,
			);
			path = "Pitch PerfectTests";
			sourceTree = "<group>";
		};
		636742B61B0816E2004E948F /* Supporting Files */ = {
			isa = PBXGroup;
			children = (
				636742B71B0816E2004E948F /* Info.plist */,
			);
			name = "Supporting Files";
			sourceTree = "<group>";
		};
/* End PBXGroup section */

/* Begin PBXNativeTarget section */
		6367429C1B0816E1004E948F /* Pitch Perfect */ = {
			isa = PBXNativeTarget;
			buildConfigurationList = 636742BC1B0816E2004E948F /* Build configuration list for PBXNativeTarget "Pitch Perfect" */;
			buildPhases = (
				636742991B0816E1004E948F /* Sources */,
				6367429A1B0816E1004E948F /* Frameworks */,
				6367429B1B0816E1004E948F /* Resources */,
			);
			buildRules = (
			);
			dependencies = (
			);
			name = "Pitch Perfect";
			productName = "Pitch Perfect";
			productReference = 6367429D1B0816E1004E948F /* Pitch Perfect.app */;
			productType = "com.apple.product-type.application";
		};
		636742B11B0816E2004E948F /* Pitch PerfectTests */ = {
			isa = PBXNativeTarget;
			buildConfigurationList = 636742BF1B0816E2004E948F /* Build configuration list for PBXNativeTarget "Pitch PerfectTests" */;
			buildPhases = (
				636742AE1B0816E2004E948F /* Sources */,
				636742AF1B0816E2004E948F /* Frameworks */,
				636742B01B0816E2004E948F /* Resources */,
			);
			buildRules = (
			);
			dependencies = (
				636742B41B0816E2004E948F /* PBXTargetDependency */,
			);
			name = "Pitch PerfectTests";
			productName = "Pitch PerfectTests";
			productReference = 636742B21B0816E2004E948F /* Pitch PerfectTests.xctest */;
			productType = "com.apple.product-type.bundle.unit-test";
		};
/* End PBXNativeTarget section */

/* Begin PBXProject section */
		636742951B0816E1004E948F /* Project object */ = {
			isa = PBXProject;
			attributes = {
				LastUpgradeCheck = 0630;
				ORGANIZATIONNAME = dmhoffm;
				TargetAttributes = {
					6367429C1B0816E1004E948F = {
						CreatedOnToolsVersion = 6.3.1;
						DevelopmentTeam = 6XS243EKRL;
					};
					636742B11B0816E2004E948F = {
						CreatedOnToolsVersion = 6.3.1;
						TestTargetID = 6367429C1B0816E1004E948F;
					};
				};
			};
			buildConfigurationList = 636742981B0816E1004E948F /* Build configuration list for PBXProject "Pitch Perfect" */;
			compatibilityVersion = "Xcode 3.2";
			developmentRegion = English;
			hasScannedForEncodings = 0;
			knownRegions = (
				en,
				Base,
			);
			mainGroup = 636742941B0816E1004E948F;
			productRefGroup = 6367429E1B0816E1004E948F /* Products */;
			projectDirPath = "";
			projectRoot = "";
			targets = (
				6367429C1B0816E1004E948F /* Pitch Perfect */,
				636742B11B0816E2004E948F /* Pitch PerfectTests */,
			);
		};
/* End PBXProject section */

/* Begin PBXResourcesBuildPhase section */
		6367429B1B0816E1004E948F /* Resources */ = {
			isa = PBXResourcesBuildPhase;
			buildActionMask = 2147483647;
			files = (
				636742A81B0816E2004E948F /* Main.storyboard in Resources */,
				636742AD1B0816E2004E948F /* LaunchScreen.xib in Resources */,
				6385470E1B12706D0050CF57 /* movie_quote.mp3 in Resources */,
				636742AA1B0816E2004E948F /* Images.xcassets in Resources */,
			);
			runOnlyForDeploymentPostprocessing = 0;
		};
		636742B01B0816E2004E948F /* Resources */ = {
			isa = PBXResourcesBuildPhase;
			buildActionMask = 2147483647;
			files = (
			);
			runOnlyForDeploymentPostprocessing = 0;
		};
/* End PBXResourcesBuildPhase section */

/* Begin PBXSourcesBuildPhase section */
		636742991B0816E1004E948F /* Sources */ = {
			isa = PBXSourcesBuildPhase;
			buildActionMask = 2147483647;
			files = (
				63AABA091B12AA76000C8C15 /* RecordedAudio.swift in Sources */,
				636742A51B0816E1004E948F /* RecordSoundsViewController.swift in Sources */,
				6385470C1B125F760050CF57 /* PlaySoundsViewController.swift in Sources */,
				636742A31B0816E1004E948F /* AppDelegate.swift in Sources */,
			);
			runOnlyForDeploymentPostprocessing = 0;
		};
		636742AE1B0816E2004E948F /* Sources */ = {
			isa = PBXSourcesBuildPhase;
			buildActionMask = 2147483647;
			files = (
				636742B91B0816E2004E948F /* Pitch_PerfectTests.swift in Sources */,
			);
			runOnlyForDeploymentPostprocessing = 0;
		};
/* End PBXSourcesBuildPhase section */

/* Begin PBXTargetDependency section */
		636742B41B0816E2004E948F /* PBXTargetDependency */ = {
			isa = PBXTargetDependency;
			target = 6367429C1B0816E1004E948F /* Pitch Perfect */;
			targetProxy = 636742B31B0816E2004E948F /* PBXContainerItemProxy */;
		};
/* End PBXTargetDependency section */

/* Begin PBXVariantGroup section */
		636742A61B0816E2004E948F /* Main.storyboard */ = {
			isa = PBXVariantGroup;
			children = (
				636742A71B0816E2004E948F /* Base */,
			);
			name = Main.storyboard;
			sourceTree = "<group>";
		};
		636742AB1B0816E2004E948F /* LaunchScreen.xib */ = {
			isa = PBXVariantGroup;
			children = (
				636742AC1B0816E2004E948F /* Base */,
			);
			name = LaunchScreen.xib;
			sourceTree = "<group>";
		};
/* End PBXVariantGroup section */

/* Begin XCBuildConfiguration section */
		636742BA1B0816E2004E948F /* Debug */ = {
			isa = XCBuildConfiguration;
			buildSettings = {
				ALWAYS_SEARCH_USER_PATHS = NO;
				CLANG_CXX_LANGUAGE_STANDARD = "gnu++0x";
				CLANG_CXX_LIBRARY = "libc++";
				CLANG_ENABLE_MODULES = YES;
				CLANG_ENABLE_OBJC_ARC = YES;
				CLANG_WARN_BOOL_CONVERSION = YES;
				CLANG_WARN_CONSTANT_CONVERSION = YES;
				CLANG_WARN_DIRECT_OBJC_ISA_USAGE = YES_ERROR;
				CLANG_WARN_EMPTY_BODY = YES;
				CLANG_WARN_ENUM_CONVERSION = YES;
				CLANG_WARN_INT_CONVERSION = YES;
				CLANG_WARN_OBJC_ROOT_CLASS = YES_ERROR;
				CLANG_WARN_UNREACHABLE_CODE = YES;
				CLANG_WARN__DUPLICATE_METHOD_MATCH = YES;
				"CODE_SIGN_IDENTITY[sdk=iphoneos*]" = "iPhone Developer";
				COPY_PHASE_STRIP = NO;
				DEBUG_INFORMATION_FORMAT = "dwarf-with-dsym";
				ENABLE_STRICT_OBJC_MSGSEND = YES;
				GCC_C_LANGUAGE_STANDARD = gnu99;
				GCC_DYNAMIC_NO_PIC = NO;
				GCC_NO_COMMON_BLOCKS = YES;
				GCC_OPTIMIZATION_LEVEL = 0;
				GCC_PREPROCESSOR_DEFINITIONS = (
					"DEBUG=1",
					"$(inherited)",
				);
				GCC_SYMBOLS_PRIVATE_EXTERN = NO;
				GCC_WARN_64_TO_32_BIT_CONVERSION = YES;
				GCC_WARN_ABOUT_RETURN_TYPE = YES_ERROR;
				GCC_WARN_UNDECLARED_SELECTOR = YES;
				GCC_WARN_UNINITIALIZED_AUTOS = YES_AGGRESSIVE;
				GCC_WARN_UNUSED_FUNCTION = YES;
				GCC_WARN_UNUSED_VARIABLE = YES;
				IPHONEOS_DEPLOYMENT_TARGET = 8.3;
				MTL_ENABLE_DEBUG_INFO = YES;
				ONLY_ACTIVE_ARCH = YES;
				SDKROOT = iphoneos;
				SWIFT_OPTIMIZATION_LEVEL = "-Onone";
			};
			name = Debug;
		};
		636742BB1B0816E2004E948F /* Release */ = {
			isa = XCBuildConfiguration;
			buildSettings = {
				ALWAYS_SEARCH_USER_PATHS = NO;
				CLANG_CXX_LANGUAGE_STANDARD = "gnu++0x";
				CLANG_CXX_LIBRARY = "libc++";
				CLANG_ENABLE_MODULES = YES;
				CLANG_ENABLE_OBJC_ARC = YES;
				CLANG_WARN_BOOL_CONVERSION = YES;
				CLANG_WARN_CONSTANT_CONVERSION = YES;
				CLANG_WARN_DIRECT_OBJC_ISA_USAGE = YES_ERROR;
				CLANG_WARN_EMPTY_BODY = YES;
				CLANG_WARN_ENUM_CONVERSION = YES;
				CLANG_WARN_INT_CONVERSION = YES;
				CLANG_WARN_OBJC_ROOT_CLASS = YES_ERROR;
				CLANG_WARN_UNREACHABLE_CODE = YES;
				CLANG_WARN__DUPLICATE_METHOD_MATCH = YES;
				"CODE_SIGN_IDENTITY[sdk=iphoneos*]" = "iPhone Developer";
				COPY_PHASE_STRIP = NO;
				DEBUG_INFORMATION_FORMAT = "dwarf-with-dsym";
				ENABLE_NS_ASSERTIONS = NO;
				ENABLE_STRICT_OBJC_MSGSEND = YES;
				GCC_C_LANGUAGE_STANDARD = gnu99;
				GCC_NO_COMMON_BLOCKS = YES;
				GCC_WARN_64_TO_32_BIT_CONVERSION = YES;
				GCC_WARN_ABOUT_RETURN_TYPE = YES_ERROR;
				GCC_WARN_UNDECLARED_SELECTOR = YES;
				GCC_WARN_UNINITIALIZED_AUTOS = YES_AGGRESSIVE;
				GCC_WARN_UNUSED_FUNCTION = YES;
				GCC_WARN_UNUSED_VARIABLE = YES;
				IPHONEOS_DEPLOYMENT_TARGET = 8.3;
				MTL_ENABLE_DEBUG_INFO = NO;
				SDKROOT = iphoneos;
				VALIDATE_PRODUCT = YES;
			};
			name = Release;
		};
		636742BD1B0816E2004E948F /* Debug */ = {
			isa = XCBuildConfiguration;
			buildSettings = {
				ASSETCATALOG_COMPILER_APPICON_NAME = AppIcon;
				CODE_SIGN_IDENTITY = "iPhone Developer";
				"CODE_SIGN_IDENTITY[sdk=iphoneos*]" = "iPhone Developer";
				INFOPLIST_FILE = "Pitch Perfect/Info.plist";
				LD_RUNPATH_SEARCH_PATHS = "$(inherited) @executable_path/Frameworks";
				PRODUCT_NAME = "$(TARGET_NAME)";
				PROVISIONING_PROFILE = "";
			};
			name = Debug;
		};
		636742BE1B0816E2004E948F /* Release */ = {
			isa = XCBuildConfiguration;
			buildSettings = {
				ASSETCATALOG_COMPILER_APPICON_NAME = AppIcon;
				CODE_SIGN_IDENTITY = "iPhone Developer";
				"CODE_SIGN_IDENTITY[sdk=iphoneos*]" = "iPhone Developer";
				INFOPLIST_FILE = "Pitch Perfect/Info.plist";
				LD_RUNPATH_SEARCH_PATHS = "$(inherited) @executable_path/Frameworks";
				PRODUCT_NAME = "$(TARGET_NAME)";
				PROVISIONING_PROFILE = "";
			};
			name = Release;
		};
		636742C01B0816E2004E948F /* Debug */ = {
			isa = XCBuildConfiguration;
			buildSettings = {
				BUNDLE_LOADER = "$(TEST_HOST)";
				FRAMEWORK_SEARCH_PATHS = (
					"$(SDKROOT)/Developer/Library/Frameworks",
					"$(inherited)",
				);
				GCC_PREPROCESSOR_DEFINITIONS = (
					"DEBUG=1",
					"$(inherited)",
				);
				INFOPLIST_FILE = "Pitch PerfectTests/Info.plist";
				LD_RUNPATH_SEARCH_PATHS = "$(inherited) @executable_path/Frameworks @loader_path/Frameworks";
				PRODUCT_NAME = "$(TARGET_NAME)";
				TEST_HOST = "$(BUILT_PRODUCTS_DIR)/Pitch Perfect.app/Pitch Perfect";
			};
			name = Debug;
		};
		636742C11B0816E2004E948F /* Release */ = {
			isa = XCBuildConfiguration;
			buildSettings = {
				BUNDLE_LOADER = "$(TEST_HOST)";
				FRAMEWORK_SEARCH_PATHS = (
					"$(SDKROOT)/Developer/Library/Frameworks",
					"$(inherited)",
				);
				INFOPLIST_FILE = "Pitch PerfectTests/Info.plist";
				LD_RUNPATH_SEARCH_PATHS = "$(inherited) @executable_path/Frameworks @loader_path/Frameworks";
				PRODUCT_NAME = "$(TARGET_NAME)";
				TEST_HOST = "$(BUILT_PRODUCTS_DIR)/Pitch Perfect.app/Pitch Perfect";
			};
			name = Release;
		};
/* End XCBuildConfiguration section */

/* Begin XCConfigurationList section */
		636742981B0816E1004E948F /* Build configuration list for PBXProject "Pitch Perfect" */ = {
			isa = XCConfigurationList;
			buildConfigurations = (
				636742BA1B0816E2004E948F /* Debug */,
				636742BB1B0816E2004E948F /* Release */,
			);
			defaultConfigurationIsVisible = 0;
			defaultConfigurationName = Release;
		};
		636742BC1B0816E2004E948F /* Build configuration list for PBXNativeTarget "Pitch Perfect" */ = {
			isa = XCConfigurationList;
			buildConfigurations = (
				636742BD1B0816E2004E948F /* Debug */,
				636742BE1B0816E2004E948F /* Release */,
			);
			defaultConfigurationIsVisible = 0;
			defaultConfigurationName = Release;
		};
		636742BF1B0816E2004E948F /* Build configuration list for PBXNativeTarget "Pitch PerfectTests" */ = {
			isa = XCConfigurationList;
			buildConfigurations = (
				636742C01B0816E2004E948F /* Debug */,
				636742C11B0816E2004E948F /* Release */,
			);
			defaultConfigurationIsVisible = 0;
			defaultConfigurationName = Release;
		};
/* End XCConfigurationList section */
	};
	rootObject = 636742951B0816E1004E948F /* Project object */;
}
